
Microsoft Visual Studio Solution File, Format Version 12.00
# Visual Studio Version 17
VisualStudioVersion = 17.14.36327.8 d17.14
MinimumVisualStudioVersion = 10.0.40219.1
Project("{FAE04EC0-301F-11D3-BF4B-00C04F79EFBC}") = "GradeCalculator", "GradeCalculator\GradeCalculator.csproj", "{DC0A7451-E611-4045-8BCB-468C05087121}"
EndProject
Global
	GlobalSection(SolutionConfigurationPlatforms) = preSolution
		Debug|Any CPU = Debug|Any CPU
		Release|Any CPU = Release|Any CPU
	EndGlobalSection
	GlobalSection(ProjectConfigurationPlatforms) = postSolution
		{DC0A7451-E611-4045-8BCB-468C05087121}.Debug|Any CPU.ActiveCfg = Debug|Any CPU
		{DC0A7451-E611-4045-8BCB-468C05087121}.Debug|Any CPU.Build.0 = Debug|Any CPU
		{DC0A7451-E611-4045-8BCB-468C05087121}.Release|Any CPU.ActiveCfg = Release|Any CPU
		{DC0A7451-E611-4045-8BCB-468C05087121}.Release|Any CPU.Build.0 = Release|Any CPU
	EndGlobalSection
	GlobalSection(SolutionProperties) = preSolution
		HideSolutionNode = FALSE
	EndGlobalSection
	GlobalSection(ExtensibilityGlobals) = postSolution
		SolutionGuid = {1BB096E0-396D-4942-A9EE-2CE817451833}
	EndGlobalSection
EndGlobal
